{
	"name": "@gandolphinnn/utils",
	"version": "2.0.0",
	"lockfileVersion": 3,
	"requires": true,
	"packages": {
		"": {
			"name": "@gandolphinnn/utils",
			"version": "2.0.0",
			"license": "ISC",
			"dependencies": {
				"linq": "^4.0.2"
			}
		},
		"node_modules/linq": {
			"version": "4.0.2",
			"resolved": "https://registry.npmjs.org/linq/-/linq-4.0.2.tgz",
			"integrity": "sha512-aC2gfJgXgq97QVFuBRfD8pW1L21NYeC9sSomvX37ROSnqDFH98od96CfH61V28SN/OGjTCvxTCnHqW8ti02WDQ==",
			"engines": {
				"node": "*"
			}
		}
	}
}
